// !$*UTF8*$!
{
	archiveVersion = 1;
	classes = {
	};
	objectVersion = 56;
	objects = {

/* Begin PBXBuildFile section */
		174E78402BDFDDA6008F454F /* SavedView.swift in Sources */ = {isa = PBXBuildFile; fileRef = 174E783F2BDFDDA6008F454F /* SavedView.swift */; };
		174E78422BDFDFF7008F454F /* SaveManager.swift in Sources */ = {isa = PBXBuildFile; fileRef = 174E78412BDFDFF7008F454F /* SaveManager.swift */; };
		17B36E7A2BD6B10C00C544EB /* ImBoredApp.swift in Sources */ = {isa = PBXBuildFile; fileRef = 17B36E792BD6B10C00C544EB /* ImBoredApp.swift */; };
		17B36E7C2BD6B10C00C544EB /* ContentView.swift in Sources */ = {isa = PBXBuildFile; fileRef = 17B36E7B2BD6B10C00C544EB /* ContentView.swift */; };
		17B36E7E2BD6B10D00C544EB /* Assets.xcassets in Resources */ = {isa = PBXBuildFile; fileRef = 17B36E7D2BD6B10D00C544EB /* Assets.xcassets */; };
		17B36E812BD6B10D00C544EB /* Preview Assets.xcassets in Resources */ = {isa = PBXBuildFile; fileRef = 17B36E802BD6B10D00C544EB /* Preview Assets.xcassets */; };
		17B36E882BD6B14B00C544EB /* Activity.swift in Sources */ = {isa = PBXBuildFile; fileRef = 17B36E872BD6B14B00C544EB /* Activity.swift */; };
		17F428A92BD95D7600B51BA9 /* DeckKit in Frameworks */ = {isa = PBXBuildFile; productRef = 17F428A82BD95D7600B51BA9 /* DeckKit */; };
		17F428AB2BD962B400B51BA9 /* ActivityDeckView.swift in Sources */ = {isa = PBXBuildFile; fileRef = 17F428AA2BD962B400B51BA9 /* ActivityDeckView.swift */; };
/* End PBXBuildFile section */

/* Begin PBXFileReference section */
		174E783F2BDFDDA6008F454F /* SavedView.swift */ = {isa = PBXFileReference; lastKnownFileType = sourcecode.swift; path = SavedView.swift; sourceTree = "<group>"; };
		174E78412BDFDFF7008F454F /* SaveManager.swift */ = {isa = PBXFileReference; lastKnownFileType = sourcecode.swift; path = SaveManager.swift; sourceTree = "<group>"; };
		17B36E762BD6B10C00C544EB /* ImBored.app */ = {isa = PBXFileReference; explicitFileType = wrapper.application; includeInIndex = 0; path = ImBored.app; sourceTree = BUILT_PRODUCTS_DIR; };
		17B36E792BD6B10C00C544EB /* ImBoredApp.swift */ = {isa = PBXFileReference; lastKnownFileType = sourcecode.swift; path = ImBoredApp.swift; sourceTree = "<group>"; };
		17B36E7B2BD6B10C00C544EB /* ContentView.swift */ = {isa = PBXFileReference; lastKnownFileType = sourcecode.swift; path = ContentView.swift; sourceTree = "<group>"; };
		17B36E7D2BD6B10D00C544EB /* Assets.xcassets */ = {isa = PBXFileReference; lastKnownFileType = folder.assetcatalog; path = Assets.xcassets; sourceTree = "<group>"; };
		17B36E802BD6B10D00C544EB /* Preview Assets.xcassets */ = {isa = PBXFileReference; lastKnownFileType = folder.assetcatalog; path = "Preview Assets.xcassets"; sourceTree = "<group>"; };
		17B36E872BD6B14B00C544EB /* Activity.swift */ = {isa = PBXFileReference; lastKnownFileType = sourcecode.swift; path = Activity.swift; sourceTree = "<group>"; };
		17F428AA2BD962B400B51BA9 /* ActivityDeckView.swift */ = {isa = PBXFileReference; lastKnownFileType = sourcecode.swift; path = ActivityDeckView.swift; sourceTree = "<group>"; };
/* End PBXFileReference section */

/* Begin PBXFrameworksBuildPhase section */
		17B36E732BD6B10C00C544EB /* Frameworks */ = {
			isa = PBXFrameworksBuildPhase;
			buildActionMask = 2147483647;
			files = (
				17F428A92BD95D7600B51BA9 /* DeckKit in Frameworks */,
			);
			runOnlyForDeploymentPostprocessing = 0;
		};
/* End PBXFrameworksBuildPhase section */

/* Begin PBXGroup section */
		17B36E6D2BD6B10C00C544EB = {
			isa = PBXGroup;
			children = (
				17B36E782BD6B10C00C544EB /* ImBored */,
				17B36E772BD6B10C00C544EB /* Products */,
			);
			sourceTree = "<group>";
		};
		17B36E772BD6B10C00C544EB /* Products */ = {
			isa = PBXGroup;
			children = (
				17B36E762BD6B10C00C544EB /* ImBored.app */,
			);
			name = Products;
			sourceTree = "<group>";
		};
		17B36E782BD6B10C00C544EB /* ImBored */ = {
			isa = PBXGroup;
			children = (
				17B36E792BD6B10C00C544EB /* ImBoredApp.swift */,
				17B36E7B2BD6B10C00C544EB /* ContentView.swift */,
				17B36E872BD6B14B00C544EB /* Activity.swift */,
				17F428AA2BD962B400B51BA9 /* ActivityDeckView.swift */,
				174E783F2BDFDDA6008F454F /* SavedView.swift */,
				174E78412BDFDFF7008F454F /* SaveManager.swift */,
				17B36E7D2BD6B10D00C544EB /* Assets.xcassets */,
				17B36E7F2BD6B10D00C544EB /* Preview Content */,
			);
			path = ImBored;
			sourceTree = "<group>";
		};
		17B36E7F2BD6B10D00C544EB /* Preview Content */ = {
			isa = PBXGroup;
			children = (
				17B36E802BD6B10D00C544EB /* Preview Assets.xcassets */,
			);
			path = "Preview Content";
			sourceTree = "<group>";
		};
/* End PBXGroup section */

/* Begin PBXNativeTarget section */
		17B36E752BD6B10C00C544EB /* ImBored */ = {
			isa = PBXNativeTarget;
			buildConfigurationList = 17B36E842BD6B10D00C544EB /* Build configuration list for PBXNativeTarget "ImBored" */;
			buildPhases = (
				17B36E722BD6B10C00C544EB /* Sources */,
				17B36E732BD6B10C00C544EB /* Frameworks */,
				17B36E742BD6B10C00C544EB /* Resources */,
			);
			buildRules = (
			);
			dependencies = (
			);
			name = ImBored;
			packageProductDependencies = (
				17F428A82BD95D7600B51BA9 /* DeckKit */,
			);
			productName = ImBored;
			productReference = 17B36E762BD6B10C00C544EB /* ImBored.app */;
			productType = "com.apple.product-type.application";
		};
/* End PBXNativeTarget section */

/* Begin PBXProject section */
		17B36E6E2BD6B10C00C544EB /* Project object */ = {
			isa = PBXProject;
			attributes = {
				BuildIndependentTargetsInParallel = 1;
				LastSwiftUpdateCheck = 1530;
				LastUpgradeCheck = 1530;
				TargetAttributes = {
					17B36E752BD6B10C00C544EB = {
						CreatedOnToolsVersion = 15.3;
					};
				};
			};
			buildConfigurationList = 17B36E712BD6B10C00C544EB /* Build configuration list for PBXProject "ImBored" */;
			compatibilityVersion = "Xcode 14.0";
			developmentRegion = en;
			hasScannedForEncodings = 0;
			knownRegions = (
				en,
				Base,
			);
			mainGroup = 17B36E6D2BD6B10C00C544EB;
			packageReferences = (
				17F428A72BD95D7600B51BA9 /* XCRemoteSwiftPackageReference "DeckKit" */,
			);
			productRefGroup = 17B36E772BD6B10C00C544EB /* Products */;
			projectDirPath = "";
			projectRoot = "";
			targets = (
				17B36E752BD6B10C00C544EB /* ImBored */,
			);
		};
/* End PBXProject section */

/* Begin PBXResourcesBuildPhase section */
		17B36E742BD6B10C00C544EB /* Resources */ = {
			isa = PBXResourcesBuildPhase;
			buildActionMask = 2147483647;
			files = (
				17B36E812BD6B10D00C544EB /* Preview Assets.xcassets in Resources */,
				17B36E7E2BD6B10D00C544EB /* Assets.xcassets in Resources */,
			);
			runOnlyForDeploymentPostprocessing = 0;
		};
/* End PBXResourcesBuildPhase section */

/* Begin PBXSourcesBuildPhase section */
		17B36E722BD6B10C00C544EB /* Sources */ = {
			isa = PBXSourcesBuildPhase;
			buildActionMask = 2147483647;
			files = (
				17F428AB2BD962B400B51BA9 /* ActivityDeckView.swift in Sources */,
				174E78402BDFDDA6008F454F /* SavedView.swift in Sources */,
				17B36E882BD6B14B00C544EB /* Activity.swift in Sources */,
				17B36E7C2BD6B10C00C544EB /* ContentView.swift in Sources */,
				174E78422BDFDFF7008F454F /* SaveManager.swift in Sources */,
				17B36E7A2BD6B10C00C544EB /* ImBoredApp.swift in Sources */,
			);
			runOnlyForDeploymentPostprocessing = 0;
		};
/* End PBXSourcesBuildPhase section */

/* Begin XCBuildConfiguration section */
		17B36E822BD6B10D00C544EB /* Debug */ = {
			isa = XCBuildConfiguration;
			buildSettings = {
				ALWAYS_SEARCH_USER_PATHS = NO;
				ASSETCATALOG_COMPILER_GENERATE_SWIFT_ASSET_SYMBOL_EXTENSIONS = YES;
				CLANG_ANALYZER_NONNULL = YES;
				CLANG_ANALYZER_NUMBER_OBJECT_CONVERSION = YES_AGGRESSIVE;
				CLANG_CXX_LANGUAGE_STANDARD = "gnu++20";
				CLANG_ENABLE_MODULES = YES;
				CLANG_ENABLE_OBJC_ARC = YES;
				CLANG_ENABLE_OBJC_WEAK = YES;
				CLANG_WARN_BLOCK_CAPTURE_AUTORELEASING = YES;
				CLANG_WARN_BOOL_CONVERSION = YES;
				CLANG_WARN_COMMA = YES;
				CLANG_WARN_CONSTANT_CONVERSION = YES;
				CLANG_WARN_DEPRECATED_OBJC_IMPLEMENTATIONS = YES;
				CLANG_WARN_DIRECT_OBJC_ISA_USAGE = YES_ERROR;
				CLANG_WARN_DOCUMENTATION_COMMENTS = YES;
				CLANG_WARN_EMPTY_BODY = YES;
				CLANG_WARN_ENUM_CONVERSION = YES;
				CLANG_WARN_INFINITE_RECURSION = YES;
				CLANG_WARN_INT_CONVERSION = YES;
				CLANG_WARN_NON_LITERAL_NULL_CONVERSION = YES;
				CLANG_WARN_OBJC_IMPLICIT_RETAIN_SELF = YES;
				CLANG_WARN_OBJC_LITERAL_CONVERSION = YES;
				CLANG_WARN_OBJC_ROOT_CLASS = YES_ERROR;
				CLANG_WARN_QUOTED_INCLUDE_IN_FRAMEWORK_HEADER = YES;
				CLANG_WARN_RANGE_LOOP_ANALYSIS = YES;
				CLANG_WARN_STRICT_PROTOTYPES = YES;
				CLANG_WARN_SUSPICIOUS_MOVE = YES;
				CLANG_WARN_UNGUARDED_AVAILABILITY = YES_AGGRESSIVE;
				CLANG_WARN_UNREACHABLE_CODE = YES;
				CLANG_WARN__DUPLICATE_METHOD_MATCH = YES;
				COPY_PHASE_STRIP = NO;
				DEBUG_INFORMATION_FORMAT = dwarf;
				ENABLE_STRICT_OBJC_MSGSEND = YES;
				ENABLE_TESTABILITY = YES;
				ENABLE_USER_SCRIPT_SANDBOXING = YES;
				GCC_C_LANGUAGE_STANDARD = gnu17;
				GCC_DYNAMIC_NO_PIC = NO;
				GCC_NO_COMMON_BLOCKS = YES;
				GCC_OPTIMIZATION_LEVEL = 0;
				GCC_PREPROCESSOR_DEFINITIONS = (
					"DEBUG=1",
					"$(inherited)",
				);
				GCC_WARN_64_TO_32_BIT_CONVERSION = YES;
				GCC_WARN_ABOUT_RETURN_TYPE = YES_ERROR;
				GCC_WARN_UNDECLARED_SELECTOR = YES;
				GCC_WARN_UNINITIALIZED_AUTOS = YES_AGGRESSIVE;
				GCC_WARN_UNUSED_FUNCTION = YES;
				GCC_WARN_UNUSED_VARIABLE = YES;
				IPHONEOS_DEPLOYMENT_TARGET = 17.4;
				LOCALIZATION_PREFERS_STRING_CATALOGS = YES;
				MTL_ENABLE_DEBUG_INFO = INCLUDE_SOURCE;
				MTL_FAST_MATH = YES;
				ONLY_ACTIVE_ARCH = YES;
				SDKROOT = iphoneos;
				SWIFT_ACTIVE_COMPILATION_CONDITIONS = "DEBUG $(inherited)";
				SWIFT_OPTIMIZATION_LEVEL = "-Onone";
			};
			name = Debug;
		};
		17B36E832BD6B10D00C544EB /* Release */ = {
			isa = XCBuildConfiguration;
			buildSettings = {
				ALWAYS_SEARCH_USER_PATHS = NO;
				ASSETCATALOG_COMPILER_GENERATE_SWIFT_ASSET_SYMBOL_EXTENSIONS = YES;
				CLANG_ANALYZER_NONNULL = YES;
				CLANG_ANALYZER_NUMBER_OBJECT_CONVERSION = YES_AGGRESSIVE;
				CLANG_CXX_LANGUAGE_STANDARD = "gnu++20";
				CLANG_ENABLE_MODULES = YES;
				CLANG_ENABLE_OBJC_ARC = YES;
				CLANG_ENABLE_OBJC_WEAK = YES;
				CLANG_WARN_BLOCK_CAPTURE_AUTORELEASING = YES;
				CLANG_WARN_BOOL_CONVERSION = YES;
				CLANG_WARN_COMMA = YES;
				CLANG_WARN_CONSTANT_CONVERSION = YES;
				CLANG_WARN_DEPRECATED_OBJC_IMPLEMENTATIONS = YES;
				CLANG_WARN_DIRECT_OBJC_ISA_USAGE = YES_ERROR;
				CLANG_WARN_DOCUMENTATION_COMMENTS = YES;
				CLANG_WARN_EMPTY_BODY = YES;
				CLANG_WARN_ENUM_CONVERSION = YES;
				CLANG_WARN_INFINITE_RECURSION = YES;
				CLANG_WARN_INT_CONVERSION = YES;
				CLANG_WARN_NON_LITERAL_NULL_CONVERSION = YES;
				CLANG_WARN_OBJC_IMPLICIT_RETAIN_SELF = YES;
				CLANG_WARN_OBJC_LITERAL_CONVERSION = YES;
				CLANG_WARN_OBJC_ROOT_CLASS = YES_ERROR;
				CLANG_WARN_QUOTED_INCLUDE_IN_FRAMEWORK_HEADER = YES;
				CLANG_WARN_RANGE_LOOP_ANALYSIS = YES;
				CLANG_WARN_STRICT_PROTOTYPES = YES;
				CLANG_WARN_SUSPICIOUS_MOVE = YES;
				CLANG_WARN_UNGUARDED_AVAILABILITY = YES_AGGRESSIVE;
				CLANG_WARN_UNREACHABLE_CODE = YES;
				CLANG_WARN__DUPLICATE_METHOD_MATCH = YES;
				COPY_PHASE_STRIP = NO;
				DEBUG_INFORMATION_FORMAT = "dwarf-with-dsym";
				ENABLE_NS_ASSERTIONS = NO;
				ENABLE_STRICT_OBJC_MSGSEND = YES;
				ENABLE_USER_SCRIPT_SANDBOXING = YES;
				GCC_C_LANGUAGE_STANDARD = gnu17;
				GCC_NO_COMMON_BLOCKS = YES;
				GCC_WARN_64_TO_32_BIT_CONVERSION = YES;
				GCC_WARN_ABOUT_RETURN_TYPE = YES_ERROR;
				GCC_WARN_UNDECLARED_SELECTOR = YES;
				GCC_WARN_UNINITIALIZED_AUTOS = YES_AGGRESSIVE;
				GCC_WARN_UNUSED_FUNCTION = YES;
				GCC_WARN_UNUSED_VARIABLE = YES;
				IPHONEOS_DEPLOYMENT_TARGET = 17.4;
				LOCALIZATION_PREFERS_STRING_CATALOGS = YES;
				MTL_ENABLE_DEBUG_INFO = NO;
				MTL_FAST_MATH = YES;
				SDKROOT = iphoneos;
				SWIFT_COMPILATION_MODE = wholemodule;
				VALIDATE_PRODUCT = YES;
			};
			name = Release;
		};
		17B36E852BD6B10D00C544EB /* Debug */ = {
			isa = XCBuildConfiguration;
			buildSettings = {
				ASSETCATALOG_COMPILER_APPICON_NAME = AppIcon;
				ASSETCATALOG_COMPILER_GLOBAL_ACCENT_COLOR_NAME = AccentColor;
				CODE_SIGN_STYLE = Automatic;
				CURRENT_PROJECT_VERSION = 1;
				DEVELOPMENT_ASSET_PATHS = "\"ImBored/Preview Content\"";
				DEVELOPMENT_TEAM = 8SPFLAT35L;
				ENABLE_PREVIEWS = YES;
				GENERATE_INFOPLIST_FILE = YES;
				INFOPLIST_KEY_UIApplicationSceneManifest_Generation = YES;
				INFOPLIST_KEY_UIApplicationSupportsIndirectInputEvents = YES;
				INFOPLIST_KEY_UILaunchScreen_Generation = YES;
				INFOPLIST_KEY_UISupportedInterfaceOrientations_iPad = "UIInterfaceOrientationPortrait UIInterfaceOrientationPortraitUpsideDown UIInterfaceOrientationLandscapeLeft UIInterfaceOrientationLandscapeRight";
				INFOPLIST_KEY_UISupportedInterfaceOrientations_iPhone = "UIInterfaceOrientationPortrait UIInterfaceOrientationLandscapeLeft UIInterfaceOrientationLandscapeRight";
				LD_RUNPATH_SEARCH_PATHS = (
					"$(inherited)",
					"@executable_path/Frameworks",
				);
				MARKETING_VERSION = 1.0;
				PRODUCT_BUNDLE_IDENTIFIER = isu.nsa.BeatTheBoredom;
				PRODUCT_NAME = "$(TARGET_NAME)";
				SWIFT_EMIT_LOC_STRINGS = YES;
				SWIFT_VERSION = 5.0;
				TARGETED_DEVICE_FAMILY = "1,2";
			};
			name = Debug;
		};
		17B36E862BD6B10D00C544EB /* Release */ = {
			isa = XCBuildConfiguration;
			buildSettings = {
				ASSETCATALOG_COMPILER_APPICON_NAME = AppIcon;
				ASSETCATALOG_COMPILER_GLOBAL_ACCENT_COLOR_NAME = AccentColor;
				CODE_SIGN_STYLE = Automatic;
				CURRENT_PROJECT_VERSION = 1;
				DEVELOPMENT_ASSET_PATHS = "\"ImBored/Preview Content\"";
				DEVELOPMENT_TEAM = 8SPFLAT35L;
				ENABLE_PREVIEWS = YES;
				GENERATE_INFOPLIST_FILE = YES;
				INFOPLIST_KEY_UIApplicationSceneManifest_Generation = YES;
				INFOPLIST_KEY_UIApplicationSupportsIndirectInputEvents = YES;
				INFOPLIST_KEY_UILaunchScreen_Generation = YES;
				INFOPLIST_KEY_UISupportedInterfaceOrientations_iPad = "UIInterfaceOrientationPortrait UIInterfaceOrientationPortraitUpsideDown UIInterfaceOrientationLandscapeLeft UIInterfaceOrientationLandscapeRight";
				INFOPLIST_KEY_UISupportedInterfaceOrientations_iPhone = "UIInterfaceOrientationPortrait UIInterfaceOrientationLandscapeLeft UIInterfaceOrientationLandscapeRight";
				LD_RUNPATH_SEARCH_PATHS = (
					"$(inherited)",
					"@executable_path/Frameworks",
				);
				MARKETING_VERSION = 1.0;
				PRODUCT_BUNDLE_IDENTIFIER = isu.nsa.BeatTheBoredom;
				PRODUCT_NAME = "$(TARGET_NAME)";
				SWIFT_EMIT_LOC_STRINGS = YES;
				SWIFT_VERSION = 5.0;
				TARGETED_DEVICE_FAMILY = "1,2";
			};
			name = Release;
		};
/* End XCBuildConfiguration section */

/* Begin XCConfigurationList section */
		17B36E712BD6B10C00C544EB /* Build configuration list for PBXProject "ImBored" */ = {
			isa = XCConfigurationList;
			buildConfigurations = (
				17B36E822BD6B10D00C544EB /* Debug */,
				17B36E832BD6B10D00C544EB /* Release */,
			);
			defaultConfigurationIsVisible = 0;
			defaultConfigurationName = Release;
		};
		17B36E842BD6B10D00C544EB /* Build configuration list for PBXNativeTarget "ImBored" */ = {
			isa = XCConfigurationList;
			buildConfigurations = (
				17B36E852BD6B10D00C544EB /* Debug */,
				17B36E862BD6B10D00C544EB /* Release */,
			);
			defaultConfigurationIsVisible = 0;
			defaultConfigurationName = Release;
		};
/* End XCConfigurationList section */

/* Begin XCRemoteSwiftPackageReference section */
		17F428A72BD95D7600B51BA9 /* XCRemoteSwiftPackageReference "DeckKit" */ = {
			isa = XCRemoteSwiftPackageReference;
			repositoryURL = "https://github.com/danielsaidi/DeckKit.git";
			requirement = {
				kind = upToNextMajorVersion;
				minimumVersion = 1.1.0;
			};
		};
/* End XCRemoteSwiftPackageReference section */

/* Begin XCSwiftPackageProductDependency section */
		17F428A82BD95D7600B51BA9 /* DeckKit */ = {
			isa = XCSwiftPackageProductDependency;
			package = 17F428A72BD95D7600B51BA9 /* XCRemoteSwiftPackageReference "DeckKit" */;
			productName = DeckKit;
		};
/* End XCSwiftPackageProductDependency section */
	};
	rootObject = 17B36E6E2BD6B10C00C544EB /* Project object */;
}
